{
  "name": "nodejs",
  "lockfileVersion": 2,
  "requires": true,
  "packages": {
    "": {
      "dependencies": {
        "@mysql/xdevapi": "8.0.23",
        "minimist": "^1.2.5"
      }
    },
    "node_modules/@mysql/xdevapi": {
      "version": "8.0.23",
      "resolved": "https://registry.npmjs.org/@mysql/xdevapi/-/xdevapi-8.0.23.tgz",
      "integrity": "sha512-hR4w9K/H87bizdrJ+jcVIN9ErZ7yhAAb2vsHgbiIO9i+WSwFEs2I+rhYweguYMt4bx2QiZHFzgFzSDcaD+uSiQ==",
      "dependencies": {
        "google-protobuf": "3.11.4",
        "parsimmon": "1.6.2"
      },
      "engines": {
        "node": ">=12.0.0"
      }
    },
    "node_modules/google-protobuf": {
      "version": "3.11.4",
      "resolved": "https://registry.npmjs.org/google-protobuf/-/google-protobuf-3.11.4.tgz",
      "integrity": "sha512-lL6b04rDirurUBOgsY2+LalI6Evq8eH5TcNzi7TYQ3BsIWelT0KSOQSBsXuavEkNf+odQU6c0lgz3UsZXeNX9Q=="
    },
    "node_modules/minimist": {
      "version": "1.2.5",
      "resolved": "https://registry.npmjs.org/minimist/-/minimist-1.2.5.tgz",
      "integrity": "sha512-FM9nNUYrRBAELZQT3xeZQ7fmMOBg6nWNmJKTcgsJeaLstP/UODVpGsr5OhXhhXg6f+qtJ8uiZ+PUxkDWcgIXLw=="
    },
    "node_modules/parsimmon": {
      "version": "1.6.2",
      "resolved": "https://registry.npmjs.org/parsimmon/-/parsimmon-1.6.2.tgz",
      "integrity": "sha512-bJNB0ZQhHyM5KqO2Z5ttQAVn/PZ2pccxaOnMcZ0Su7HA1Iv4GQTfUmzSZ6N3jcsCn9F68PZcypAvF3nDRRL+3g=="
    }
  },
  "dependencies": {
    "@mysql/xdevapi": {
      "version": "8.0.23",
      "resolved": "https://registry.npmjs.org/@mysql/xdevapi/-/xdevapi-8.0.23.tgz",
      "integrity": "sha512-hR4w9K/H87bizdrJ+jcVIN9ErZ7yhAAb2vsHgbiIO9i+WSwFEs2I+rhYweguYMt4bx2QiZHFzgFzSDcaD+uSiQ==",
      "requires": {
        "google-protobuf": "3.11.4",
        "parsimmon": "1.6.2"
      }
    },
    "google-protobuf": {
      "version": "3.11.4",
      "resolved": "https://registry.npmjs.org/google-protobuf/-/google-protobuf-3.11.4.tgz",
      "integrity": "sha512-lL6b04rDirurUBOgsY2+LalI6Evq8eH5TcNzi7TYQ3BsIWelT0KSOQSBsXuavEkNf+odQU6c0lgz3UsZXeNX9Q=="
    },
    "minimist": {
      "version": "1.2.5",
      "resolved": "https://registry.npmjs.org/minimist/-/minimist-1.2.5.tgz",
      "integrity": "sha512-FM9nNUYrRBAELZQT3xeZQ7fmMOBg6nWNmJKTcgsJeaLstP/UODVpGsr5OhXhhXg6f+qtJ8uiZ+PUxkDWcgIXLw=="
    },
    "parsimmon": {
      "version": "1.6.2",
      "resolved": "https://registry.npmjs.org/parsimmon/-/parsimmon-1.6.2.tgz",
      "integrity": "sha512-bJNB0ZQhHyM5KqO2Z5ttQAVn/PZ2pccxaOnMcZ0Su7HA1Iv4GQTfUmzSZ6N3jcsCn9F68PZcypAvF3nDRRL+3g=="
    }
  }
}
